
Microsoft Visual Studio Solution File, Format Version 12.00
# Visual Studio Version 17
VisualStudioVersion = 17.6.33829.357
MinimumVisualStudioVersion = 10.0.40219.1
Project("{FAE04EC0-301F-11D3-BF4B-00C04F79EFBC}") = "SectionALab", "SectionALab\SectionALab.csproj", "{9996851A-BB50-415A-9A6B-04B7D4E4A461}"
EndProject
Global
	GlobalSection(SolutionConfigurationPlatforms) = preSolution
		Debug|Any CPU = Debug|Any CPU
		Release|Any CPU = Release|Any CPU
	EndGlobalSection
	GlobalSection(ProjectConfigurationPlatforms) = postSolution
		{9996851A-BB50-415A-9A6B-04B7D4E4A461}.Debug|Any CPU.ActiveCfg = Debug|Any CPU
		{9996851A-BB50-415A-9A6B-04B7D4E4A461}.Debug|Any CPU.Build.0 = Debug|Any CPU
		{9996851A-BB50-415A-9A6B-04B7D4E4A461}.Release|Any CPU.ActiveCfg = Release|Any CPU
		{9996851A-BB50-415A-9A6B-04B7D4E4A461}.Release|Any CPU.Build.0 = Release|Any CPU
	EndGlobalSection
	GlobalSection(SolutionProperties) = preSolution
		HideSolutionNode = FALSE
	EndGlobalSection
	GlobalSection(ExtensibilityGlobals) = postSolution
		SolutionGuid = {306F302A-840E-435F-A2D8-2501716EE35C}
	EndGlobalSection
EndGlobal
